<Solution>
  <Project Path="../EJERCICIO 02/EJERCICIO 02.csproj" />
  <Project Path="../EJERCICIO 03/EJERCICIO 03.csproj" />
  <Project Path="../EJERCICIO 04/EJERCICIO 04.csproj" />
  <Project Path="../EJERCICIO 05/EJERCICIO 05.csproj" />
  <Project Path="../EJERCICIO 06/EJERCICIO 06.csproj" />
  <Project Path="EJERCICIO 01/EJERCICIO 01.csproj" />
</Solution>
