
Microsoft Visual Studio Solution File, Format Version 12.00
# Visual Studio Version 18
VisualStudioVersion = 18.5.11723.231 stable
MinimumVisualStudioVersion = 10.0.40219.1
Project("{FAE04EC0-301F-11D3-BF4B-00C04F79EFBC}") = "EJERCICIO 03", "EJERCICIO 03.csproj", "{FB5B8051-62FA-4EE3-BF99-C2996A9E6CE5}"
EndProject
Global
	GlobalSection(SolutionConfigurationPlatforms) = preSolution
		Debug|Any CPU = Debug|Any CPU
		Release|Any CPU = Release|Any CPU
	EndGlobalSection
	GlobalSection(ProjectConfigurationPlatforms) = postSolution
		{FB5B8051-62FA-4EE3-BF99-C2996A9E6CE5}.Debug|Any CPU.ActiveCfg = Debug|Any CPU
		{FB5B8051-62FA-4EE3-BF99-C2996A9E6CE5}.Debug|Any CPU.Build.0 = Debug|Any CPU
		{FB5B8051-62FA-4EE3-BF99-C2996A9E6CE5}.Release|Any CPU.ActiveCfg = Release|Any CPU
		{FB5B8051-62FA-4EE3-BF99-C2996A9E6CE5}.Release|Any CPU.Build.0 = Release|Any CPU
	EndGlobalSection
	GlobalSection(SolutionProperties) = preSolution
		HideSolutionNode = FALSE
	EndGlobalSection
	GlobalSection(ExtensibilityGlobals) = postSolution
		SolutionGuid = {046772DE-F9B8-4AFE-B37E-28360AD50CB4}
	EndGlobalSection
EndGlobal
