<Solution>
  <Project Path="../PRACTICA - EJERCICIO 02/PRACTICA - EJERCICIO 02.csproj" />
  <Project Path="../PRACTICA - EJERCICIO 03/PRACTICA - EJERCICIO 03.csproj" />
  <Project Path="../PRACTICA - EJERCICIO 04/PRACTICA - EJERCICIO 04.csproj" />
  <Project Path="../PRACTICA - EJERCICIO 05/PRACTICA - EJERCICIO 05.csproj" />
  <Project Path="PRACTICA - EJERCICIO 01/PRACTICA - EJERCICIO 01.csproj" />
</Solution>
